
Microsoft Visual Studio Solution File, Format Version 12.00
# Visual Studio Version 16
VisualStudioVersion = 16.0.30611.23
MinimumVisualStudioVersion = 10.0.40219.1
Project("{FAE04EC0-301F-11D3-BF4B-00C04F79EFBC}") = "Skreeen", "Skreeen\Skreeen.csproj", "{43AA0E97-291C-4E4C-8BC7-F644C7013FFB}"
EndProject
Project("{FAE04EC0-301F-11D3-BF4B-00C04F79EFBC}") = "wpfClient", "wpfClient\wpfClient.csproj", "{CE36398D-C233-49AC-91BB-BC4F5CE92B73}"
EndProject
Global
	GlobalSection(SolutionConfigurationPlatforms) = preSolution
		Debug|Any CPU = Debug|Any CPU
		Release|Any CPU = Release|Any CPU
	EndGlobalSection
	GlobalSection(ProjectConfigurationPlatforms) = postSolution
		{43AA0E97-291C-4E4C-8BC7-F644C7013FFB}.Debug|Any CPU.ActiveCfg = Debug|Any CPU
		{43AA0E97-291C-4E4C-8BC7-F644C7013FFB}.Debug|Any CPU.Build.0 = Debug|Any CPU
		{43AA0E97-291C-4E4C-8BC7-F644C7013FFB}.Release|Any CPU.ActiveCfg = Release|Any CPU
		{43AA0E97-291C-4E4C-8BC7-F644C7013FFB}.Release|Any CPU.Build.0 = Release|Any CPU
		{CE36398D-C233-49AC-91BB-BC4F5CE92B73}.Debug|Any CPU.ActiveCfg = Debug|Any CPU
		{CE36398D-C233-49AC-91BB-BC4F5CE92B73}.Debug|Any CPU.Build.0 = Debug|Any CPU
		{CE36398D-C233-49AC-91BB-BC4F5CE92B73}.Release|Any CPU.ActiveCfg = Release|Any CPU
		{CE36398D-C233-49AC-91BB-BC4F5CE92B73}.Release|Any CPU.Build.0 = Release|Any CPU
	EndGlobalSection
	GlobalSection(SolutionProperties) = preSolution
		HideSolutionNode = FALSE
	EndGlobalSection
	GlobalSection(ExtensibilityGlobals) = postSolution
		SolutionGuid = {D5F81C33-3B36-4ADD-B501-11D01FC887EA}
	EndGlobalSection
EndGlobal
